github.com/Eyevinn/mp4ff v0.39.0 h1:WV2Omq57y1BvcVPayjyuiIK8/pF5Tb/H/cgPY+wFZMQ=
github.com/Eyevinn/mp4ff v0.39.0/go.mod h1:w/6GSa5ghZ1VavzJK6McQ2/flx8mKtcrKDr11SsEweA=
github.com/Eyevinn/mp4ff v0.45.0 h1:Wg172GbrEGczvGFHAqhrUwhNahmD+ezYL1Z+7mQHoZw=
github.com/Eyevinn/mp4ff v0.45.0/go.mod h1:hJNUUqOBryLAzUW9wpCJyw2HaI+TCd2rUPhafoS5lgg=
github.com/argusdusty/gofft v1.2.1 h1:Ir33IyKzMPvgK70PPWtmHpzjbTsUkL51EunWn4mrksA=
github.com/argusdusty/gofft v1.2.1/go.mod h1:OABUQ4XoJ49ucI4ZPv0i6a0x3KKM4yDSK5rsMwFL43Q=
github.com/go-test/deep v1.0.8/go.mod h1:5C2ZWiW0ErCdrYzpqxLbTX7MG14M9iiw8DgHncVwcsE=
github.com/go-test/deep v1.1.0/go.mod h1:5C2ZWiW0ErCdrYzpqxLbTX7MG14M9iiw8DgHncVwcsE=
github.com/ktye/fft v0.0.0-20160109133121-5beb24bb6a43/go.mod h1:NOC+5BizuazWsAS/Ge7DXbXTrYzmmDXGqypnTaeNGcc=
github.com/mjibson/go-dsp v0.0.0-20180508042940-11479a337f12/go.mod h1:i/KKcxEWEO8Yyl11DYafRPKOPVYTrhxiTRigjtEEXZU=
scientificgo.org/fft v0.0.0-20181116155530-840c07972bf0/go.mod h1:kjCWUUjwe8nWCDf1noBWJt/zni0qg84jDUBfJhH/ftA=
scientificgo.org/testutil v0.0.0-20181122181445-a2006c033c77/go.mod h1:Go6R4b+9YkFocMo3H3vNQ7tjbrX9Rc12wal7NZjvPXg=
